
Microsoft Visual Studio Solution File, Format Version 12.00
# Visual Studio Version 16
VisualStudioVersion = 25.0.1706.7
MinimumVisualStudioVersion = 10.0.40219.1
Project("{FAE04EC0-301F-11D3-BF4B-00C04F79EFBC}") = "BridgeSDKSampleOSX", "BridgeSDKSampleOSX.csproj", "{79476257-144D-4189-9EC4-C45AD1447EDC}"
EndProject
Global
	GlobalSection(SolutionConfigurationPlatforms) = preSolution
		Debug|Any CPU = Debug|Any CPU
		Release|Any CPU = Release|Any CPU
	EndGlobalSection
	GlobalSection(ProjectConfigurationPlatforms) = postSolution
		{79476257-144D-4189-9EC4-C45AD1447EDC}.Debug|Any CPU.ActiveCfg = Debug|Any CPU
		{79476257-144D-4189-9EC4-C45AD1447EDC}.Debug|Any CPU.Build.0 = Debug|Any CPU
		{79476257-144D-4189-9EC4-C45AD1447EDC}.Release|Any CPU.ActiveCfg = Release|Any CPU
		{79476257-144D-4189-9EC4-C45AD1447EDC}.Release|Any CPU.Build.0 = Release|Any CPU
	EndGlobalSection
	GlobalSection(SolutionProperties) = preSolution
		HideSolutionNode = FALSE
	EndGlobalSection
	GlobalSection(ExtensibilityGlobals) = postSolution
		SolutionGuid = {463D971A-BEC1-4F73-97AD-4F74A5FF07F0}
	EndGlobalSection
EndGlobal
